Microsoft Visual Studio Solution File, Format Version 12.00
# Visual Studio Version 17
VisualStudioVersion = 17.5.2.0
MinimumVisualStudioVersion = 10.0.40219.1
Project("{FAE04EC0-301F-11D3-BF4B-00C04F79EFBC}") = "passwordverificafion", "passwordverificafion.csproj", "{ABACF915-BCF5-C688-9750-933DBB594672}"
EndProject
Global
	GlobalSection(SolutionConfigurationPlatforms) = preSolution
		Debug|Any CPU = Debug|Any CPU
		Release|Any CPU = Release|Any CPU
	EndGlobalSection
	GlobalSection(ProjectConfigurationPlatforms) = postSolution
		{ABACF915-BCF5-C688-9750-933DBB594672}.Debug|Any CPU.ActiveCfg = Debug|Any CPU
		{ABACF915-BCF5-C688-9750-933DBB594672}.Debug|Any CPU.Build.0 = Debug|Any CPU
		{ABACF915-BCF5-C688-9750-933DBB594672}.Release|Any CPU.ActiveCfg = Release|Any CPU
		{ABACF915-BCF5-C688-9750-933DBB594672}.Release|Any CPU.Build.0 = Release|Any CPU
	EndGlobalSection
	GlobalSection(SolutionProperties) = preSolution
		HideSolutionNode = FALSE
	EndGlobalSection
	GlobalSection(ExtensibilityGlobals) = postSolution
		SolutionGuid = {684F7ECC-0B5C-4240-AE23-D926B51FC1F4}
	EndGlobalSection
EndGlobal
