Microsoft Visual Studio Solution File, Format Version 12.00
# Visual Studio Version 17
VisualStudioVersion = 17.5.2.0
MinimumVisualStudioVersion = 10.0.40219.1
Project("{FAE04EC0-301F-11D3-BF4B-00C04F79EFBC}") = "OtpVerificationApp", "OtpVerificationApp.csproj", "{9ADC0024-44F0-95C4-4516-7DBDBE229160}"
EndProject
Global
	GlobalSection(SolutionConfigurationPlatforms) = preSolution
		Debug|Any CPU = Debug|Any CPU
		Release|Any CPU = Release|Any CPU
	EndGlobalSection
	GlobalSection(ProjectConfigurationPlatforms) = postSolution
		{9ADC0024-44F0-95C4-4516-7DBDBE229160}.Debug|Any CPU.ActiveCfg = Debug|Any CPU
		{9ADC0024-44F0-95C4-4516-7DBDBE229160}.Debug|Any CPU.Build.0 = Debug|Any CPU
		{9ADC0024-44F0-95C4-4516-7DBDBE229160}.Release|Any CPU.ActiveCfg = Release|Any CPU
		{9ADC0024-44F0-95C4-4516-7DBDBE229160}.Release|Any CPU.Build.0 = Release|Any CPU
	EndGlobalSection
	GlobalSection(SolutionProperties) = preSolution
		HideSolutionNode = FALSE
	EndGlobalSection
	GlobalSection(ExtensibilityGlobals) = postSolution
		SolutionGuid = {0E4700A2-7338-4AE2-9B02-8B845F913DC1}
	EndGlobalSection
EndGlobal
