
Microsoft Visual Studio Solution File, Format Version 12.00
# Visual Studio Version 17
VisualStudioVersion = 17.5.002.0
MinimumVisualStudioVersion = 10.0.40219.1
Project("{9A19103F-16F7-4668-BE54-9A1E7A4F7556}") = "TransflowerStoreWeb", "TransflowerStoreWeb.csproj", "{B933DF67-75F4-4C14-AECC-8A0B8C43CE7F}"
EndProject
Global
	GlobalSection(SolutionConfigurationPlatforms) = preSolution
		Debug|Any CPU = Debug|Any CPU
		Release|Any CPU = Release|Any CPU
	EndGlobalSection
	GlobalSection(ProjectConfigurationPlatforms) = postSolution
		{B933DF67-75F4-4C14-AECC-8A0B8C43CE7F}.Debug|Any CPU.ActiveCfg = Debug|Any CPU
		{B933DF67-75F4-4C14-AECC-8A0B8C43CE7F}.Debug|Any CPU.Build.0 = Debug|Any CPU
		{B933DF67-75F4-4C14-AECC-8A0B8C43CE7F}.Release|Any CPU.ActiveCfg = Release|Any CPU
		{B933DF67-75F4-4C14-AECC-8A0B8C43CE7F}.Release|Any CPU.Build.0 = Release|Any CPU
	EndGlobalSection
	GlobalSection(SolutionProperties) = preSolution
		HideSolutionNode = FALSE
	EndGlobalSection
	GlobalSection(ExtensibilityGlobals) = postSolution
		SolutionGuid = {A091E452-05EC-4699-925E-7970FB23E35D}
	EndGlobalSection
EndGlobal
