
Microsoft Visual Studio Solution File, Format Version 12.00
# Visual Studio Version 17
VisualStudioVersion = 17.10.34928.147
MinimumVisualStudioVersion = 10.0.40219.1
Project("{FAE04EC0-301F-11D3-BF4B-00C04F79EFBC}") = "CmdArg_Use", "CmdArg_Use\CmdArg_Use.csproj", "{66824D9C-0801-40C3-AF11-A53169FABBA3}"
EndProject
Global
	GlobalSection(SolutionConfigurationPlatforms) = preSolution
		Debug|Any CPU = Debug|Any CPU
		Release|Any CPU = Release|Any CPU
	EndGlobalSection
	GlobalSection(ProjectConfigurationPlatforms) = postSolution
		{66824D9C-0801-40C3-AF11-A53169FABBA3}.Debug|Any CPU.ActiveCfg = Debug|Any CPU
		{66824D9C-0801-40C3-AF11-A53169FABBA3}.Debug|Any CPU.Build.0 = Debug|Any CPU
		{66824D9C-0801-40C3-AF11-A53169FABBA3}.Release|Any CPU.ActiveCfg = Release|Any CPU
		{66824D9C-0801-40C3-AF11-A53169FABBA3}.Release|Any CPU.Build.0 = Release|Any CPU
	EndGlobalSection
	GlobalSection(SolutionProperties) = preSolution
		HideSolutionNode = FALSE
	EndGlobalSection
	GlobalSection(ExtensibilityGlobals) = postSolution
		SolutionGuid = {F509E073-F2D5-4FE5-9002-12C40795C51D}
	EndGlobalSection
EndGlobal
