
Microsoft Visual Studio Solution File, Format Version 12.00
# Visual Studio Version 17
VisualStudioVersion = 17.10.34928.147
MinimumVisualStudioVersion = 10.0.40219.1
Project("{FAE04EC0-301F-11D3-BF4B-00C04F79EFBC}") = "ConstReadonly", "ConstReadonly\ConstReadonly.csproj", "{5111CC44-7FB3-437D-B356-85382976513C}"
EndProject
Global
	GlobalSection(SolutionConfigurationPlatforms) = preSolution
		Debug|Any CPU = Debug|Any CPU
		Release|Any CPU = Release|Any CPU
	EndGlobalSection
	GlobalSection(ProjectConfigurationPlatforms) = postSolution
		{5111CC44-7FB3-437D-B356-85382976513C}.Debug|Any CPU.ActiveCfg = Debug|Any CPU
		{5111CC44-7FB3-437D-B356-85382976513C}.Debug|Any CPU.Build.0 = Debug|Any CPU
		{5111CC44-7FB3-437D-B356-85382976513C}.Release|Any CPU.ActiveCfg = Release|Any CPU
		{5111CC44-7FB3-437D-B356-85382976513C}.Release|Any CPU.Build.0 = Release|Any CPU
	EndGlobalSection
	GlobalSection(SolutionProperties) = preSolution
		HideSolutionNode = FALSE
	EndGlobalSection
	GlobalSection(ExtensibilityGlobals) = postSolution
		SolutionGuid = {04A66041-521D-478E-AAE5-BE0F08BCD0E4}
	EndGlobalSection
EndGlobal
