
Microsoft Visual Studio Solution File, Format Version 12.00
# Visual Studio Version 17
VisualStudioVersion = 17.10.34928.147
MinimumVisualStudioVersion = 10.0.40219.1
Project("{FAE04EC0-301F-11D3-BF4B-00C04F79EFBC}") = "getter_setter_property", "getter_setter_property\getter_setter_property.csproj", "{6EF242D3-A367-408A-8DED-6D01182EF57D}"
EndProject
Global
	GlobalSection(SolutionConfigurationPlatforms) = preSolution
		Debug|Any CPU = Debug|Any CPU
		Release|Any CPU = Release|Any CPU
	EndGlobalSection
	GlobalSection(ProjectConfigurationPlatforms) = postSolution
		{6EF242D3-A367-408A-8DED-6D01182EF57D}.Debug|Any CPU.ActiveCfg = Debug|Any CPU
		{6EF242D3-A367-408A-8DED-6D01182EF57D}.Debug|Any CPU.Build.0 = Debug|Any CPU
		{6EF242D3-A367-408A-8DED-6D01182EF57D}.Release|Any CPU.ActiveCfg = Release|Any CPU
		{6EF242D3-A367-408A-8DED-6D01182EF57D}.Release|Any CPU.Build.0 = Release|Any CPU
	EndGlobalSection
	GlobalSection(SolutionProperties) = preSolution
		HideSolutionNode = FALSE
	EndGlobalSection
	GlobalSection(ExtensibilityGlobals) = postSolution
		SolutionGuid = {7CE3B54C-1113-4DBE-8F6A-BCC7A734D469}
	EndGlobalSection
EndGlobal
